// !$*UTF8*$!
{
	archiveVersion = 1;
	classes = {
	};
	objectVersion = 55;
	objects = {

/* Begin PBXBuildFile section */
		2209186428A6301C002E6AF1 /* main.swift in Sources */ = {isa = PBXBuildFile; fileRef = 2209186328A6301C002E6AF1 /* main.swift */; };
		2209188D28A6AA02002E6AF1 /* ElementFramework.docc in Sources */ = {isa = PBXBuildFile; fileRef = 2209188C28A6AA02002E6AF1 /* ElementFramework.docc */; };
		2209189928A6AA03002E6AF1 /* ElementFramework.h in Headers */ = {isa = PBXBuildFile; fileRef = 2209188B28A6AA02002E6AF1 /* ElementFramework.h */; settings = {ATTRIBUTES = (Public, ); }; };
		220918A028A6AAA6002E6AF1 /* Cron.swift in Sources */ = {isa = PBXBuildFile; fileRef = 2209187528A63D0F002E6AF1 /* Cron.swift */; };
		220918A128A6AAA6002E6AF1 /* Time.swift in Sources */ = {isa = PBXBuildFile; fileRef = 2209187728A65448002E6AF1 /* Time.swift */; };
		220918A928A6B16E002E6AF1 /* Scheduler.swift in Sources */ = {isa = PBXBuildFile; fileRef = 220918A828A6B16E002E6AF1 /* Scheduler.swift */; };
		2293752528AFC07E00082252 /* ElementFramework.framework in Embed Frameworks */ = {isa = PBXBuildFile; fileRef = 2209188928A6AA02002E6AF1 /* ElementFramework.framework */; settings = {ATTRIBUTES = (CodeSignOnCopy, RemoveHeadersOnCopy, ); }; };
		2293752828AFC76400082252 /* TestHandler.swift in Sources */ = {isa = PBXBuildFile; fileRef = 2293752628AFC50A00082252 /* TestHandler.swift */; };
		2293752928AFC77C00082252 /* test1.txt in Resources */ = {isa = PBXBuildFile; fileRef = 220918AD28A6B6B8002E6AF1 /* test1.txt */; };
		2293753228AFD75000082252 /* ElementFramework.framework in Frameworks */ = {isa = PBXBuildFile; fileRef = 2209188928A6AA02002E6AF1 /* ElementFramework.framework */; };
		2293753828AFDF2700082252 /* ElementFramework.framework in Frameworks */ = {isa = PBXBuildFile; fileRef = 2209188928A6AA02002E6AF1 /* ElementFramework.framework */; };
/* End PBXBuildFile section */

/* Begin PBXContainerItemProxy section */
		220918A528A6AAC5002E6AF1 /* PBXContainerItemProxy */ = {
			isa = PBXContainerItemProxy;
			containerPortal = 2209185828A6301C002E6AF1 /* Project object */;
			proxyType = 1;
			remoteGlobalIDString = 2209188828A6AA02002E6AF1;
			remoteInfo = ElementFramework;
		};
		2293753328AFD75000082252 /* PBXContainerItemProxy */ = {
			isa = PBXContainerItemProxy;
			containerPortal = 2209185828A6301C002E6AF1 /* Project object */;
			proxyType = 1;
			remoteGlobalIDString = 2209188828A6AA02002E6AF1;
			remoteInfo = ElementFramework;
		};
/* End PBXContainerItemProxy section */

/* Begin PBXCopyFilesBuildPhase section */
		220918A728A6AAC5002E6AF1 /* Embed Frameworks */ = {
			isa = PBXCopyFilesBuildPhase;
			buildActionMask = 2147483647;
			dstPath = "";
			dstSubfolderSpec = 10;
			files = (
				2293752528AFC07E00082252 /* ElementFramework.framework in Embed Frameworks */,
			);
			name = "Embed Frameworks";
			runOnlyForDeploymentPostprocessing = 0;
		};
/* End PBXCopyFilesBuildPhase section */

/* Begin PBXFileReference section */
		2209186028A6301C002E6AF1 /* Element */ = {isa = PBXFileReference; explicitFileType = "compiled.mach-o.executable"; includeInIndex = 0; path = Element; sourceTree = BUILT_PRODUCTS_DIR; };
		2209186328A6301C002E6AF1 /* main.swift */ = {isa = PBXFileReference; lastKnownFileType = sourcecode.swift; path = main.swift; sourceTree = "<group>"; };
		2209187528A63D0F002E6AF1 /* Cron.swift */ = {isa = PBXFileReference; lastKnownFileType = sourcecode.swift; path = Cron.swift; sourceTree = "<group>"; };
		2209187728A65448002E6AF1 /* Time.swift */ = {isa = PBXFileReference; lastKnownFileType = sourcecode.swift; path = Time.swift; sourceTree = "<group>"; };
		2209188928A6AA02002E6AF1 /* ElementFramework.framework */ = {isa = PBXFileReference; explicitFileType = wrapper.framework; includeInIndex = 0; path = ElementFramework.framework; sourceTree = BUILT_PRODUCTS_DIR; };
		2209188B28A6AA02002E6AF1 /* ElementFramework.h */ = {isa = PBXFileReference; lastKnownFileType = sourcecode.c.h; path = ElementFramework.h; sourceTree = "<group>"; };
		2209188C28A6AA02002E6AF1 /* ElementFramework.docc */ = {isa = PBXFileReference; lastKnownFileType = folder.documentationcatalog; path = ElementFramework.docc; sourceTree = "<group>"; };
		2209189728A6AA03002E6AF1 /* ElementFrameworkTests.swift */ = {isa = PBXFileReference; lastKnownFileType = sourcecode.swift; path = ElementFrameworkTests.swift; sourceTree = "<group>"; };
		220918A828A6B16E002E6AF1 /* Scheduler.swift */ = {isa = PBXFileReference; lastKnownFileType = sourcecode.swift; path = Scheduler.swift; sourceTree = "<group>"; };
		220918AD28A6B6B8002E6AF1 /* test1.txt */ = {isa = PBXFileReference; fileEncoding = 4; lastKnownFileType = text; path = test1.txt; sourceTree = "<group>"; };
		2293752628AFC50A00082252 /* TestHandler.swift */ = {isa = PBXFileReference; lastKnownFileType = sourcecode.swift; path = TestHandler.swift; sourceTree = "<group>"; };
		2293752E28AFD75000082252 /* ElementFrameworkTests.xctest */ = {isa = PBXFileReference; explicitFileType = wrapper.cfbundle; includeInIndex = 0; path = ElementFrameworkTests.xctest; sourceTree = BUILT_PRODUCTS_DIR; };
/* End PBXFileReference section */

/* Begin PBXFrameworksBuildPhase section */
		2209185D28A6301C002E6AF1 /* Frameworks */ = {
			isa = PBXFrameworksBuildPhase;
			buildActionMask = 2147483647;
			files = (
				2293753828AFDF2700082252 /* ElementFramework.framework in Frameworks */,
			);
			runOnlyForDeploymentPostprocessing = 0;
		};
		2209188628A6AA02002E6AF1 /* Frameworks */ = {
			isa = PBXFrameworksBuildPhase;
			buildActionMask = 2147483647;
			files = (
			);
			runOnlyForDeploymentPostprocessing = 0;
		};
		2293752B28AFD75000082252 /* Frameworks */ = {
			isa = PBXFrameworksBuildPhase;
			buildActionMask = 2147483647;
			files = (
				2293753228AFD75000082252 /* ElementFramework.framework in Frameworks */,
			);
			runOnlyForDeploymentPostprocessing = 0;
		};
/* End PBXFrameworksBuildPhase section */

/* Begin PBXGroup section */
		2209185728A6301C002E6AF1 = {
			isa = PBXGroup;
			children = (
				2209186228A6301C002E6AF1 /* Element */,
				2209188A28A6AA02002E6AF1 /* ElementFramework */,
				2209189628A6AA03002E6AF1 /* ElementFrameworkTests */,
				2209186128A6301C002E6AF1 /* Products */,
				220918A228A6AAC5002E6AF1 /* Frameworks */,
			);
			sourceTree = "<group>";
		};
		2209186128A6301C002E6AF1 /* Products */ = {
			isa = PBXGroup;
			children = (
				2209186028A6301C002E6AF1 /* Element */,
				2209188928A6AA02002E6AF1 /* ElementFramework.framework */,
				2293752E28AFD75000082252 /* ElementFrameworkTests.xctest */,
			);
			name = Products;
			sourceTree = "<group>";
		};
		2209186228A6301C002E6AF1 /* Element */ = {
			isa = PBXGroup;
			children = (
				2209186328A6301C002E6AF1 /* main.swift */,
			);
			path = Element;
			sourceTree = "<group>";
		};
		2209188A28A6AA02002E6AF1 /* ElementFramework */ = {
			isa = PBXGroup;
			children = (
				220918AC28A6B6B8002E6AF1 /* Test */,
				220918A828A6B16E002E6AF1 /* Scheduler.swift */,
				2209187528A63D0F002E6AF1 /* Cron.swift */,
				2209187728A65448002E6AF1 /* Time.swift */,
				2209188B28A6AA02002E6AF1 /* ElementFramework.h */,
				2209188C28A6AA02002E6AF1 /* ElementFramework.docc */,
			);
			path = ElementFramework;
			sourceTree = "<group>";
		};
		2209189628A6AA03002E6AF1 /* ElementFrameworkTests */ = {
			isa = PBXGroup;
			children = (
				2209189728A6AA03002E6AF1 /* ElementFrameworkTests.swift */,
			);
			path = ElementFrameworkTests;
			sourceTree = "<group>";
		};
		220918A228A6AAC5002E6AF1 /* Frameworks */ = {
			isa = PBXGroup;
			children = (
			);
			name = Frameworks;
			sourceTree = "<group>";
		};
		220918AC28A6B6B8002E6AF1 /* Test */ = {
			isa = PBXGroup;
			children = (
				220918AD28A6B6B8002E6AF1 /* test1.txt */,
				2293752628AFC50A00082252 /* TestHandler.swift */,
			);
			path = Test;
			sourceTree = "<group>";
		};
/* End PBXGroup section */

/* Begin PBXHeadersBuildPhase section */
		2209188428A6AA02002E6AF1 /* Headers */ = {
			isa = PBXHeadersBuildPhase;
			buildActionMask = 2147483647;
			files = (
				2209189928A6AA03002E6AF1 /* ElementFramework.h in Headers */,
			);
			runOnlyForDeploymentPostprocessing = 0;
		};
/* End PBXHeadersBuildPhase section */

/* Begin PBXNativeTarget section */
		2209185F28A6301C002E6AF1 /* Element */ = {
			isa = PBXNativeTarget;
			buildConfigurationList = 2209186728A6301C002E6AF1 /* Build configuration list for PBXNativeTarget "Element" */;
			buildPhases = (
				220918A728A6AAC5002E6AF1 /* Embed Frameworks */,
				2209185C28A6301C002E6AF1 /* Sources */,
				2209185D28A6301C002E6AF1 /* Frameworks */,
			);
			buildRules = (
			);
			dependencies = (
				220918A628A6AAC5002E6AF1 /* PBXTargetDependency */,
			);
			name = Element;
			productName = Element;
			productReference = 2209186028A6301C002E6AF1 /* Element */;
			productType = "com.apple.product-type.tool";
		};
		2209188828A6AA02002E6AF1 /* ElementFramework */ = {
			isa = PBXNativeTarget;
			buildConfigurationList = 2209189A28A6AA03002E6AF1 /* Build configuration list for PBXNativeTarget "ElementFramework" */;
			buildPhases = (
				2209188428A6AA02002E6AF1 /* Headers */,
				2209188528A6AA02002E6AF1 /* Sources */,
				2209188628A6AA02002E6AF1 /* Frameworks */,
				2209188728A6AA02002E6AF1 /* Resources */,
			);
			buildRules = (
			);
			dependencies = (
			);
			name = ElementFramework;
			productName = ElementFramework;
			productReference = 2209188928A6AA02002E6AF1 /* ElementFramework.framework */;
			productType = "com.apple.product-type.framework";
		};
		2293752D28AFD75000082252 /* ElementFrameworkTests */ = {
			isa = PBXNativeTarget;
			buildConfigurationList = 2293753528AFD75000082252 /* Build configuration list for PBXNativeTarget "ElementFrameworkTests" */;
			buildPhases = (
				2293752A28AFD75000082252 /* Sources */,
				2293752B28AFD75000082252 /* Frameworks */,
				2293752C28AFD75000082252 /* Resources */,
			);
			buildRules = (
			);
			dependencies = (
				2293753428AFD75000082252 /* PBXTargetDependency */,
			);
			name = ElementFrameworkTests;
			productName = ElementFrameworkTests;
			productReference = 2293752E28AFD75000082252 /* ElementFrameworkTests.xctest */;
			productType = "com.apple.product-type.bundle.unit-test";
		};
/* End PBXNativeTarget section */

/* Begin PBXProject section */
		2209185828A6301C002E6AF1 /* Project object */ = {
			isa = PBXProject;
			attributes = {
				BuildIndependentTargetsInParallel = 1;
				LastSwiftUpdateCheck = 1340;
				LastUpgradeCheck = 1340;
				TargetAttributes = {
					2209185F28A6301C002E6AF1 = {
						CreatedOnToolsVersion = 13.4.1;
					};
					2209188828A6AA02002E6AF1 = {
						CreatedOnToolsVersion = 13.4.1;
					};
					2293752D28AFD75000082252 = {
						CreatedOnToolsVersion = 13.4.1;
					};
				};
			};
			buildConfigurationList = 2209185B28A6301C002E6AF1 /* Build configuration list for PBXProject "Element" */;
			compatibilityVersion = "Xcode 13.0";
			developmentRegion = en;
			hasScannedForEncodings = 0;
			knownRegions = (
				en,
				Base,
			);
			mainGroup = 2209185728A6301C002E6AF1;
			productRefGroup = 2209186128A6301C002E6AF1 /* Products */;
			projectDirPath = "";
			projectRoot = "";
			targets = (
				2209185F28A6301C002E6AF1 /* Element */,
				2209188828A6AA02002E6AF1 /* ElementFramework */,
				2293752D28AFD75000082252 /* ElementFrameworkTests */,
			);
		};
/* End PBXProject section */

/* Begin PBXResourcesBuildPhase section */
		2209188728A6AA02002E6AF1 /* Resources */ = {
			isa = PBXResourcesBuildPhase;
			buildActionMask = 2147483647;
			files = (
				2293752928AFC77C00082252 /* test1.txt in Resources */,
			);
			runOnlyForDeploymentPostprocessing = 0;
		};
		2293752C28AFD75000082252 /* Resources */ = {
			isa = PBXResourcesBuildPhase;
			buildActionMask = 2147483647;
			files = (
			);
			runOnlyForDeploymentPostprocessing = 0;
		};
/* End PBXResourcesBuildPhase section */

/* Begin PBXSourcesBuildPhase section */
		2209185C28A6301C002E6AF1 /* Sources */ = {
			isa = PBXSourcesBuildPhase;
			buildActionMask = 2147483647;
			files = (
				2209186428A6301C002E6AF1 /* main.swift in Sources */,
			);
			runOnlyForDeploymentPostprocessing = 0;
		};
		2209188528A6AA02002E6AF1 /* Sources */ = {
			isa = PBXSourcesBuildPhase;
			buildActionMask = 2147483647;
			files = (
				220918A128A6AAA6002E6AF1 /* Time.swift in Sources */,
				2209188D28A6AA02002E6AF1 /* ElementFramework.docc in Sources */,
				2293752828AFC76400082252 /* TestHandler.swift in Sources */,
				220918A928A6B16E002E6AF1 /* Scheduler.swift in Sources */,
				220918A028A6AAA6002E6AF1 /* Cron.swift in Sources */,
			);
			runOnlyForDeploymentPostprocessing = 0;
		};
		2293752A28AFD75000082252 /* Sources */ = {
			isa = PBXSourcesBuildPhase;
			buildActionMask = 2147483647;
			files = (
			);
			runOnlyForDeploymentPostprocessing = 0;
		};
/* End PBXSourcesBuildPhase section */

/* Begin PBXTargetDependency section */
		220918A628A6AAC5002E6AF1 /* PBXTargetDependency */ = {
			isa = PBXTargetDependency;
			target = 2209188828A6AA02002E6AF1 /* ElementFramework */;
			targetProxy = 220918A528A6AAC5002E6AF1 /* PBXContainerItemProxy */;
		};
		2293753428AFD75000082252 /* PBXTargetDependency */ = {
			isa = PBXTargetDependency;
			target = 2209188828A6AA02002E6AF1 /* ElementFramework */;
			targetProxy = 2293753328AFD75000082252 /* PBXContainerItemProxy */;
		};
/* End PBXTargetDependency section */

/* Begin XCBuildConfiguration section */
		2209186528A6301C002E6AF1 /* Debug */ = {
			isa = XCBuildConfiguration;
			buildSettings = {
				ALWAYS_SEARCH_USER_PATHS = NO;
				CLANG_ANALYZER_NONNULL = YES;
				CLANG_ANALYZER_NUMBER_OBJECT_CONVERSION = YES_AGGRESSIVE;
				CLANG_CXX_LANGUAGE_STANDARD = "gnu++17";
				CLANG_ENABLE_MODULES = YES;
				CLANG_ENABLE_OBJC_ARC = YES;
				CLANG_ENABLE_OBJC_WEAK = YES;
				CLANG_WARN_BLOCK_CAPTURE_AUTORELEASING = YES;
				CLANG_WARN_BOOL_CONVERSION = YES;
				CLANG_WARN_COMMA = YES;
				CLANG_WARN_CONSTANT_CONVERSION = YES;
				CLANG_WARN_DEPRECATED_OBJC_IMPLEMENTATIONS = YES;
				CLANG_WARN_DIRECT_OBJC_ISA_USAGE = YES_ERROR;
				CLANG_WARN_DOCUMENTATION_COMMENTS = YES;
				CLANG_WARN_EMPTY_BODY = YES;
				CLANG_WARN_ENUM_CONVERSION = YES;
				CLANG_WARN_INFINITE_RECURSION = YES;
				CLANG_WARN_INT_CONVERSION = YES;
				CLANG_WARN_NON_LITERAL_NULL_CONVERSION = YES;
				CLANG_WARN_OBJC_IMPLICIT_RETAIN_SELF = YES;
				CLANG_WARN_OBJC_LITERAL_CONVERSION = YES;
				CLANG_WARN_OBJC_ROOT_CLASS = YES_ERROR;
				CLANG_WARN_QUOTED_INCLUDE_IN_FRAMEWORK_HEADER = YES;
				CLANG_WARN_RANGE_LOOP_ANALYSIS = YES;
				CLANG_WARN_STRICT_PROTOTYPES = YES;
				CLANG_WARN_SUSPICIOUS_MOVE = YES;
				CLANG_WARN_UNGUARDED_AVAILABILITY = YES_AGGRESSIVE;
				CLANG_WARN_UNREACHABLE_CODE = YES;
				CLANG_WARN__DUPLICATE_METHOD_MATCH = YES;
				COPY_PHASE_STRIP = NO;
				DEBUG_INFORMATION_FORMAT = dwarf;
				ENABLE_STRICT_OBJC_MSGSEND = YES;
				ENABLE_TESTABILITY = YES;
				GCC_C_LANGUAGE_STANDARD = gnu11;
				GCC_DYNAMIC_NO_PIC = NO;
				GCC_NO_COMMON_BLOCKS = YES;
				GCC_OPTIMIZATION_LEVEL = 0;
				GCC_PREPROCESSOR_DEFINITIONS = (
					"DEBUG=1",
					"$(inherited)",
				);
				GCC_WARN_64_TO_32_BIT_CONVERSION = YES;
				GCC_WARN_ABOUT_RETURN_TYPE = YES_ERROR;
				GCC_WARN_UNDECLARED_SELECTOR = YES;
				GCC_WARN_UNINITIALIZED_AUTOS = YES_AGGRESSIVE;
				GCC_WARN_UNUSED_FUNCTION = YES;
				GCC_WARN_UNUSED_VARIABLE = YES;
				MACOSX_DEPLOYMENT_TARGET = 12.3;
				MTL_ENABLE_DEBUG_INFO = INCLUDE_SOURCE;
				MTL_FAST_MATH = YES;
				ONLY_ACTIVE_ARCH = YES;
				SDKROOT = macosx;
				SWIFT_ACTIVE_COMPILATION_CONDITIONS = DEBUG;
				SWIFT_OPTIMIZATION_LEVEL = "-Onone";
			};
			name = Debug;
		};
		2209186628A6301C002E6AF1 /* Release */ = {
			isa = XCBuildConfiguration;
			buildSettings = {
				ALWAYS_SEARCH_USER_PATHS = NO;
				CLANG_ANALYZER_NONNULL = YES;
				CLANG_ANALYZER_NUMBER_OBJECT_CONVERSION = YES_AGGRESSIVE;
				CLANG_CXX_LANGUAGE_STANDARD = "gnu++17";
				CLANG_ENABLE_MODULES = YES;
				CLANG_ENABLE_OBJC_ARC = YES;
				CLANG_ENABLE_OBJC_WEAK = YES;
				CLANG_WARN_BLOCK_CAPTURE_AUTORELEASING = YES;
				CLANG_WARN_BOOL_CONVERSION = YES;
				CLANG_WARN_COMMA = YES;
				CLANG_WARN_CONSTANT_CONVERSION = YES;
				CLANG_WARN_DEPRECATED_OBJC_IMPLEMENTATIONS = YES;
				CLANG_WARN_DIRECT_OBJC_ISA_USAGE = YES_ERROR;
				CLANG_WARN_DOCUMENTATION_COMMENTS = YES;
				CLANG_WARN_EMPTY_BODY = YES;
				CLANG_WARN_ENUM_CONVERSION = YES;
				CLANG_WARN_INFINITE_RECURSION = YES;
				CLANG_WARN_INT_CONVERSION = YES;
				CLANG_WARN_NON_LITERAL_NULL_CONVERSION = YES;
				CLANG_WARN_OBJC_IMPLICIT_RETAIN_SELF = YES;
				CLANG_WARN_OBJC_LITERAL_CONVERSION = YES;
				CLANG_WARN_OBJC_ROOT_CLASS = YES_ERROR;
				CLANG_WARN_QUOTED_INCLUDE_IN_FRAMEWORK_HEADER = YES;
				CLANG_WARN_RANGE_LOOP_ANALYSIS = YES;
				CLANG_WARN_STRICT_PROTOTYPES = YES;
				CLANG_WARN_SUSPICIOUS_MOVE = YES;
				CLANG_WARN_UNGUARDED_AVAILABILITY = YES_AGGRESSIVE;
				CLANG_WARN_UNREACHABLE_CODE = YES;
				CLANG_WARN__DUPLICATE_METHOD_MATCH = YES;
				COPY_PHASE_STRIP = NO;
				DEBUG_INFORMATION_FORMAT = "dwarf-with-dsym";
				ENABLE_NS_ASSERTIONS = NO;
				ENABLE_STRICT_OBJC_MSGSEND = YES;
				GCC_C_LANGUAGE_STANDARD = gnu11;
				GCC_NO_COMMON_BLOCKS = YES;
				GCC_WARN_64_TO_32_BIT_CONVERSION = YES;
				GCC_WARN_ABOUT_RETURN_TYPE = YES_ERROR;
				GCC_WARN_UNDECLARED_SELECTOR = YES;
				GCC_WARN_UNINITIALIZED_AUTOS = YES_AGGRESSIVE;
				GCC_WARN_UNUSED_FUNCTION = YES;
				GCC_WARN_UNUSED_VARIABLE = YES;
				MACOSX_DEPLOYMENT_TARGET = 12.3;
				MTL_ENABLE_DEBUG_INFO = NO;
				MTL_FAST_MATH = YES;
				SDKROOT = macosx;
				SWIFT_COMPILATION_MODE = wholemodule;
				SWIFT_OPTIMIZATION_LEVEL = "-O";
			};
			name = Release;
		};
		2209186828A6301C002E6AF1 /* Debug */ = {
			isa = XCBuildConfiguration;
			buildSettings = {
				CLANG_ALLOW_NON_MODULAR_INCLUDES_IN_FRAMEWORK_MODULES = YES;
				CODE_SIGN_STYLE = Automatic;
				DEVELOPMENT_TEAM = K8J4227AK8;
				ENABLE_HARDENED_RUNTIME = YES;
				LD_RUNPATH_SEARCH_PATHS = "@executable_path/";
				PRODUCT_NAME = "$(TARGET_NAME)";
				SWIFT_VERSION = 5.0;
			};
			name = Debug;
		};
		2209186928A6301C002E6AF1 /* Release */ = {
			isa = XCBuildConfiguration;
			buildSettings = {
				CLANG_ALLOW_NON_MODULAR_INCLUDES_IN_FRAMEWORK_MODULES = YES;
				CODE_SIGN_STYLE = Automatic;
				DEVELOPMENT_TEAM = K8J4227AK8;
				ENABLE_HARDENED_RUNTIME = YES;
				LD_RUNPATH_SEARCH_PATHS = "@executable_path/";
				PRODUCT_NAME = "$(TARGET_NAME)";
				SWIFT_VERSION = 5.0;
			};
			name = Release;
		};
		2209189B28A6AA03002E6AF1 /* Debug */ = {
			isa = XCBuildConfiguration;
			buildSettings = {
				CODE_SIGN_STYLE = Automatic;
				COMBINE_HIDPI_IMAGES = YES;
				CURRENT_PROJECT_VERSION = 1;
				DEFINES_MODULE = YES;
				DEVELOPMENT_TEAM = K8J4227AK8;
				DYLIB_COMPATIBILITY_VERSION = 1;
				DYLIB_CURRENT_VERSION = 1;
				DYLIB_INSTALL_NAME_BASE = "@rpath";
				GENERATE_INFOPLIST_FILE = YES;
				INFOPLIST_KEY_NSHumanReadableCopyright = "";
				INSTALL_PATH = "@executable_path/../Frameworks";
				LD_RUNPATH_SEARCH_PATHS = (
					"$(inherited)",
					"@executable_path/../Frameworks",
					"@loader_path/Frameworks",
				);
				MARKETING_VERSION = 1.0;
				PRODUCT_BUNDLE_IDENTIFIER = com.tb.ElementFramework;
				PRODUCT_NAME = "$(TARGET_NAME:c99extidentifier)";
				SKIP_INSTALL = YES;
				SWIFT_EMIT_LOC_STRINGS = YES;
				SWIFT_VERSION = 5.0;
				VERSIONING_SYSTEM = "apple-generic";
				VERSION_INFO_PREFIX = "";
			};
			name = Debug;
		};
		2209189C28A6AA03002E6AF1 /* Release */ = {
			isa = XCBuildConfiguration;
			buildSettings = {
				CODE_SIGN_STYLE = Automatic;
				COMBINE_HIDPI_IMAGES = YES;
				CURRENT_PROJECT_VERSION = 1;
				DEFINES_MODULE = YES;
				DEVELOPMENT_TEAM = K8J4227AK8;
				DYLIB_COMPATIBILITY_VERSION = 1;
				DYLIB_CURRENT_VERSION = 1;
				DYLIB_INSTALL_NAME_BASE = "@rpath";
				GENERATE_INFOPLIST_FILE = YES;
				INFOPLIST_KEY_NSHumanReadableCopyright = "";
				INSTALL_PATH = "@executable_path/../Frameworks";
				LD_RUNPATH_SEARCH_PATHS = (
					"$(inherited)",
					"@executable_path/../Frameworks",
					"@loader_path/Frameworks",
				);
				MARKETING_VERSION = 1.0;
				PRODUCT_BUNDLE_IDENTIFIER = com.tb.ElementFramework;
				PRODUCT_NAME = "$(TARGET_NAME:c99extidentifier)";
				SKIP_INSTALL = YES;
				SWIFT_EMIT_LOC_STRINGS = YES;
				SWIFT_VERSION = 5.0;
				VERSIONING_SYSTEM = "apple-generic";
				VERSION_INFO_PREFIX = "";
			};
			name = Release;
		};
		2293753628AFD75000082252 /* Debug */ = {
			isa = XCBuildConfiguration;
			buildSettings = {
				CODE_SIGN_STYLE = Automatic;
				CURRENT_PROJECT_VERSION = 1;
				DEVELOPMENT_TEAM = K8J4227AK8;
				GENERATE_INFOPLIST_FILE = YES;
				MARKETING_VERSION = 1.0;
				PRODUCT_BUNDLE_IDENTIFIER = com.tb.ElementFrameworkTests;
				PRODUCT_NAME = "$(TARGET_NAME)";
				SWIFT_EMIT_LOC_STRINGS = NO;
				SWIFT_VERSION = 5.0;
			};
			name = Debug;
		};
		2293753728AFD75000082252 /* Release */ = {
			isa = XCBuildConfiguration;
			buildSettings = {
				CODE_SIGN_STYLE = Automatic;
				CURRENT_PROJECT_VERSION = 1;
				DEVELOPMENT_TEAM = K8J4227AK8;
				GENERATE_INFOPLIST_FILE = YES;
				MARKETING_VERSION = 1.0;
				PRODUCT_BUNDLE_IDENTIFIER = com.tb.ElementFrameworkTests;
				PRODUCT_NAME = "$(TARGET_NAME)";
				SWIFT_EMIT_LOC_STRINGS = NO;
				SWIFT_VERSION = 5.0;
			};
			name = Release;
		};
/* End XCBuildConfiguration section */

/* Begin XCConfigurationList section */
		2209185B28A6301C002E6AF1 /* Build configuration list for PBXProject "Element" */ = {
			isa = XCConfigurationList;
			buildConfigurations = (
				2209186528A6301C002E6AF1 /* Debug */,
				2209186628A6301C002E6AF1 /* Release */,
			);
			defaultConfigurationIsVisible = 0;
			defaultConfigurationName = Release;
		};
		2209186728A6301C002E6AF1 /* Build configuration list for PBXNativeTarget "Element" */ = {
			isa = XCConfigurationList;
			buildConfigurations = (
				2209186828A6301C002E6AF1 /* Debug */,
				2209186928A6301C002E6AF1 /* Release */,
			);
			defaultConfigurationIsVisible = 0;
			defaultConfigurationName = Release;
		};
		2209189A28A6AA03002E6AF1 /* Build configuration list for PBXNativeTarget "ElementFramework" */ = {
			isa = XCConfigurationList;
			buildConfigurations = (
				2209189B28A6AA03002E6AF1 /* Debug */,
				2209189C28A6AA03002E6AF1 /* Release */,
			);
			defaultConfigurationIsVisible = 0;
			defaultConfigurationName = Release;
		};
		2293753528AFD75000082252 /* Build configuration list for PBXNativeTarget "ElementFrameworkTests" */ = {
			isa = XCConfigurationList;
			buildConfigurations = (
				2293753628AFD75000082252 /* Debug */,
				2293753728AFD75000082252 /* Release */,
			);
			defaultConfigurationIsVisible = 0;
			defaultConfigurationName = Release;
		};
/* End XCConfigurationList section */
	};
	rootObject = 2209185828A6301C002E6AF1 /* Project object */;
}
